{
  "name": "danmaqua-tgbot",
  "version": "1.0.0",
  "lockfileVersion": 1,
  "requires": true,
  "dependencies": {
    "@types/node": {
      "version": "13.7.6",
      "resolved": "http://mirrors.cloud.tencent.com/npm/@types%2fnode/-/node-13.7.6.tgz",
      "integrity": "sha512-eyK7MWD0R1HqVTp+PtwRgFeIsemzuj4gBFSQxfPHY5iMjS7474e5wq+VFgTcdpyHeNxyKSaetYAjdMLJlKoWqA=="
    },
    "agent-base": {
      "version": "6.0.0",
      "resolved": "http://mirrors.cloud.tencent.com/npm/agent-base/-/agent-base-6.0.0.tgz",
      "integrity": "sha512-j1Q7cSCqN+AwrmDd+pzgqc0/NpC655x2bUf5ZjRIO77DcNBFmh+OgRNzF6OKdCC9RSCb19fGd99+bhXFdkRNqw==",
      "requires": {
        "debug": "4"
      }
    },
    "bilibili-live-ws": {
      "version": "4.0.1",
      "resolved": "http://mirrors.cloud.tencent.com/npm/bilibili-live-ws/-/bilibili-live-ws-4.0.1.tgz",
      "integrity": "sha512-ElfHHUFKsmGR4vEEGf9iFDFvN7vsYQOqSD7ugJOBeFIgq/QjW2fRCBntHrxv61VjsXocf12LTSu7Bu+0f7XkYA==",
      "requires": {
        "ws": "^7.2.0"
      }
    },
    "debug": {
      "version": "4.1.1",
      "resolved": "http://mirrors.cloud.tencent.com/npm/debug/-/debug-4.1.1.tgz",
      "integrity": "sha512-pYAIzeRo8J6KPEaJ0VWOh5Pzkbw/RetuzehGM7QRRX5he4fPHx2rdKMB256ehJCkX+XRQm16eZLqLNS8RSZXZw==",
      "requires": {
        "ms": "^2.1.1"
      }
    },
    "graceful-fs": {
      "version": "4.2.3",
      "resolved": "http://mirrors.cloud.tencent.com/npm/graceful-fs/-/graceful-fs-4.2.3.tgz",
      "integrity": "sha512-a30VEBm4PEdx1dRB7MFK7BejejvCvBronbLjht+sHuGYj8PHs7M/5Z+rt5lw551vZ7yfTCj4Vuyy3mSJytDWRQ=="
    },
    "https-proxy-agent": {
      "version": "5.0.0",
      "resolved": "http://mirrors.cloud.tencent.com/npm/https-proxy-agent/-/https-proxy-agent-5.0.0.tgz",
      "integrity": "sha512-EkYm5BcKUGiduxzSt3Eppko+PiNWNEpa4ySk9vTC6wDsQJW9rHSa+UhGNJoRYp7bz6Ht1eaRIa6QaJqO5rCFbA==",
      "requires": {
        "agent-base": "6",
        "debug": "4"
      }
    },
    "is-promise": {
      "version": "2.1.0",
      "resolved": "http://mirrors.cloud.tencent.com/npm/is-promise/-/is-promise-2.1.0.tgz",
      "integrity": "sha1-eaKp7OfwlugPNtKy87wWwf9L8/o="
    },
    "lodash": {
      "version": "4.17.15",
      "resolved": "http://mirrors.cloud.tencent.com/npm/lodash/-/lodash-4.17.15.tgz",
      "integrity": "sha512-8xOcRHvCjnocdS5cpwXQXVzmmh5e5+saE2QGoeQmbKmRS6J3VQppPOIt0MnmE+4xlZoumy0GPG0D0MVIQbNA1A=="
    },
    "lowdb": {
      "version": "1.0.0",
      "resolved": "http://mirrors.cloud.tencent.com/npm/lowdb/-/lowdb-1.0.0.tgz",
      "integrity": "sha512-2+x8esE/Wb9SQ1F9IHaYWfsC9FIecLOPrK4g17FGEayjUWH172H6nwicRovGvSE2CPZouc2MCIqCI7h9d+GftQ==",
      "requires": {
        "graceful-fs": "^4.1.3",
        "is-promise": "^2.1.0",
        "lodash": "4",
        "pify": "^3.0.0",
        "steno": "^0.4.1"
      }
    },
    "minimist": {
      "version": "1.2.5",
      "resolved": "https://registry.npmjs.org/minimist/-/minimist-1.2.5.tgz",
      "integrity": "sha512-FM9nNUYrRBAELZQT3xeZQ7fmMOBg6nWNmJKTcgsJeaLstP/UODVpGsr5OhXhhXg6f+qtJ8uiZ+PUxkDWcgIXLw=="
    },
    "module-alias": {
      "version": "2.2.2",
      "resolved": "http://mirrors.cloud.tencent.com/npm/module-alias/-/module-alias-2.2.2.tgz",
      "integrity": "sha512-A/78XjoX2EmNvppVWEhM2oGk3x4lLxnkEA4jTbaK97QKSDjkIoOsKQlfylt/d3kKKi596Qy3NP5XrXJ6fZIC9Q=="
    },
    "ms": {
      "version": "2.1.2",
      "resolved": "http://mirrors.cloud.tencent.com/npm/ms/-/ms-2.1.2.tgz",
      "integrity": "sha512-sGkPx+VjMtmA6MX27oA4FBFELFCZZ4S4XqeGOXCv68tT+jb3vk/RyaKWP0PTKyWtmLSM0b+adUTEvbs1PEaH2w=="
    },
    "node-fetch": {
      "version": "2.6.0",
      "resolved": "http://mirrors.cloud.tencent.com/npm/node-fetch/-/node-fetch-2.6.0.tgz",
      "integrity": "sha512-8dG4H5ujfvFiqDmVu9fQ5bOHUC15JMjMY/Zumv26oOvvVJjM67KF8koCWIabKQ1GJIa9r2mMZscBq/TbdOcmNA=="
    },
    "pify": {
      "version": "3.0.0",
      "resolved": "http://mirrors.cloud.tencent.com/npm/pify/-/pify-3.0.0.tgz",
      "integrity": "sha1-5aSs0sEB/fPZpNB/DbxNtJ3SgXY="
    },
    "sandwich-stream": {
      "version": "2.0.2",
      "resolved": "http://mirrors.cloud.tencent.com/npm/sandwich-stream/-/sandwich-stream-2.0.2.tgz",
      "integrity": "sha512-jLYV0DORrzY3xaz/S9ydJL6Iz7essZeAfnAavsJ+zsJGZ1MOnsS52yRjU3uF3pJa/lla7+wisp//fxOwOH8SKQ=="
    },
    "steno": {
      "version": "0.4.4",
      "resolved": "http://mirrors.cloud.tencent.com/npm/steno/-/steno-0.4.4.tgz",
      "integrity": "sha1-BxEFvfwobmYVwEA8J+nXtdy4Vcs=",
      "requires": {
        "graceful-fs": "^4.1.3"
      }
    },
    "telegraf": {
      "version": "3.36.0",
      "resolved": "http://mirrors.cloud.tencent.com/npm/telegraf/-/telegraf-3.36.0.tgz",
      "integrity": "sha512-9o6AJKRiTm5vMWYI6WpTfBHzu4FMpWBNKxvnMxRds/cbMY9RnsVVjdi8i4bFFlfd+xbi73EbrnI3dybayryICA==",
      "requires": {
        "@types/node": "^13.1.0",
        "debug": "^4.0.1",
        "minimist": "^1.2.0",
        "module-alias": "^2.2.2",
        "node-fetch": "^2.2.0",
        "sandwich-stream": "^2.0.1",
        "telegram-typings": "^3.6.0"
      }
    },
    "telegram-typings": {
      "version": "3.6.1",
      "resolved": "http://mirrors.cloud.tencent.com/npm/telegram-typings/-/telegram-typings-3.6.1.tgz",
      "integrity": "sha512-njVv1EAhIZnmQVLocZEADYUyqA1WIXuVcDYlsp+mXua/XB0pxx+PKtMSPeZ/EE4wPWTw9h/hA9ASTT6yQelkiw=="
    },
    "ws": {
      "version": "7.2.1",
      "resolved": "http://mirrors.cloud.tencent.com/npm/ws/-/ws-7.2.1.tgz",
      "integrity": "sha512-sucePNSafamSKoOqoNfBd8V0StlkzJKL2ZAhGQinCfNQ+oacw+Pk7lcdAElecBF2VkLNZRiIb5Oi1Q5lVUVt2A=="
    }
  }
}
